
Microsoft Visual Studio Solution File, Format Version 12.00
# Visual Studio Version 16
VisualStudioVersion = 16.0.30225.117
MinimumVisualStudioVersion = 10.0.40219.1
Project("{FAE04EC0-301F-11D3-BF4B-00C04F79EFBC}") = "WindowsFormsApp152", "WindowsFormsApp152\WindowsFormsApp152.csproj", "{4A0EADA1-3D13-436B-B829-A2B071CB659C}"
EndProject
Global
	GlobalSection(SolutionConfigurationPlatforms) = preSolution
		Debug|Any CPU = Debug|Any CPU
		Release|Any CPU = Release|Any CPU
	EndGlobalSection
	GlobalSection(ProjectConfigurationPlatforms) = postSolution
		{4A0EADA1-3D13-436B-B829-A2B071CB659C}.Debug|Any CPU.ActiveCfg = Debug|Any CPU
		{4A0EADA1-3D13-436B-B829-A2B071CB659C}.Debug|Any CPU.Build.0 = Debug|Any CPU
		{4A0EADA1-3D13-436B-B829-A2B071CB659C}.Release|Any CPU.ActiveCfg = Release|Any CPU
		{4A0EADA1-3D13-436B-B829-A2B071CB659C}.Release|Any CPU.Build.0 = Release|Any CPU
	EndGlobalSection
	GlobalSection(SolutionProperties) = preSolution
		HideSolutionNode = FALSE
	EndGlobalSection
	GlobalSection(ExtensibilityGlobals) = postSolution
		SolutionGuid = {F601ABB6-2EC2-41B5-B581-E241649C7EA3}
	EndGlobalSection
EndGlobal
